github.com/northbright/iocopy v1.16.0 h1:L0Qys3go5VPZRWnL26JoX6ISHtl20uNweBzPYPOXOTI=
github.com/northbright/iocopy v1.16.0/go.mod h1:D2Wgd7tToKHkWGMjaoQV8KDWtypcs66Je9DSQoRS5Fk=
github.com/northbright/pathelper v1.0.9 h1:maqqdZ/0c7bHooJ4BWoncAOkQkb9xUfnxWhdAHjB2Q0=
github.com/northbright/pathelper v1.0.9/go.mod h1:1BNQUZB7Bx+sgnVoOZVtnOL1+0azONKaVXjZ6a9/vE8=
