github.com/northbright/iocopy v1.5.1 h1:Gm9opCs292yeukMXRAc4UOBEFwQPkBTggmdBRAJm+A4=
github.com/northbright/iocopy v1.5.1/go.mod h1:lzRoB9YGIdPr/UXsWgG2b7LpSxtoLe9eYvxb34fPK68=
github.com/northbright/pathelper v1.0.7 h1:s9iUCqwVe6zo5lz1nI3kcufyBOZ6IpSD2HtisKN+2hk=
github.com/northbright/pathelper v1.0.7/go.mod h1:LBNv/o8YBdntBXTIWuzdhp+UzLqI4lJoCETHo1QM9Bw=
